// !$*UTF8*$!
{
	archiveVersion = 1;
	classes = {
	};
	objectVersion = 56;
	objects = {

/* Begin PBXBuildFile section */
		A1FBABB22AEEA84A00FE3912 /* AppDelegate.swift in Sources */ = {isa = PBXBuildFile; fileRef = A1FBABB12AEEA84A00FE3912 /* AppDelegate.swift */; };
		A1FBABB42AEEA84A00FE3912 /* SceneDelegate.swift in Sources */ = {isa = PBXBuildFile; fileRef = A1FBABB32AEEA84A00FE3912 /* SceneDelegate.swift */; };
		A1FBABB62AEEA84A00FE3912 /* MainViewController.swift in Sources */ = {isa = PBXBuildFile; fileRef = A1FBABB52AEEA84A00FE3912 /* MainViewController.swift */; };
		A1FBABBB2AEEA84B00FE3912 /* Assets.xcassets in Resources */ = {isa = PBXBuildFile; fileRef = A1FBABBA2AEEA84B00FE3912 /* Assets.xcassets */; };
		A1FBABBE2AEEA84B00FE3912 /* LaunchScreen.storyboard in Resources */ = {isa = PBXBuildFile; fileRef = A1FBABBC2AEEA84B00FE3912 /* LaunchScreen.storyboard */; };
		A1FBABC62AEEAC5C00FE3912 /* UIViewExt.swift in Sources */ = {isa = PBXBuildFile; fileRef = A1FBABC52AEEAC5C00FE3912 /* UIViewExt.swift */; };
		A1FBABC82AEEAF6F00FE3912 /* MusicAlbumCell.swift in Sources */ = {isa = PBXBuildFile; fileRef = A1FBABC72AEEAF6F00FE3912 /* MusicAlbumCell.swift */; };
		A1FBABCA2AEEB54700FE3912 /* MusicAlbum.swift in Sources */ = {isa = PBXBuildFile; fileRef = A1FBABC92AEEB54700FE3912 /* MusicAlbum.swift */; };
		A1FBABCC2AEEB5F700FE3912 /* Images.swift in Sources */ = {isa = PBXBuildFile; fileRef = A1FBABCB2AEEB5F700FE3912 /* Images.swift */; };
		A1FBABCE2AEECAB800FE3912 /* AddNewItemToListViewController.swift in Sources */ = {isa = PBXBuildFile; fileRef = A1FBABCD2AEECAB700FE3912 /* AddNewItemToListViewController.swift */; };
		A1FBABD02AEF19FF00FE3912 /* ItemDetailsViewController.swift in Sources */ = {isa = PBXBuildFile; fileRef = A1FBABCF2AEF19FF00FE3912 /* ItemDetailsViewController.swift */; };
/* End PBXBuildFile section */

/* Begin PBXFileReference section */
		A1FBABAE2AEEA84A00FE3912 /* MusicInfoTableView.app */ = {isa = PBXFileReference; explicitFileType = wrapper.application; includeInIndex = 0; path = MusicInfoTableView.app; sourceTree = BUILT_PRODUCTS_DIR; };
		A1FBABB12AEEA84A00FE3912 /* AppDelegate.swift */ = {isa = PBXFileReference; lastKnownFileType = sourcecode.swift; path = AppDelegate.swift; sourceTree = "<group>"; };
		A1FBABB32AEEA84A00FE3912 /* SceneDelegate.swift */ = {isa = PBXFileReference; lastKnownFileType = sourcecode.swift; path = SceneDelegate.swift; sourceTree = "<group>"; };
		A1FBABB52AEEA84A00FE3912 /* MainViewController.swift */ = {isa = PBXFileReference; lastKnownFileType = sourcecode.swift; path = MainViewController.swift; sourceTree = "<group>"; };
		A1FBABBA2AEEA84B00FE3912 /* Assets.xcassets */ = {isa = PBXFileReference; lastKnownFileType = folder.assetcatalog; path = Assets.xcassets; sourceTree = "<group>"; };
		A1FBABBD2AEEA84B00FE3912 /* Base */ = {isa = PBXFileReference; lastKnownFileType = file.storyboard; name = Base; path = Base.lproj/LaunchScreen.storyboard; sourceTree = "<group>"; };
		A1FBABBF2AEEA84B00FE3912 /* Info.plist */ = {isa = PBXFileReference; lastKnownFileType = text.plist.xml; path = Info.plist; sourceTree = "<group>"; };
		A1FBABC52AEEAC5C00FE3912 /* UIViewExt.swift */ = {isa = PBXFileReference; lastKnownFileType = sourcecode.swift; path = UIViewExt.swift; sourceTree = "<group>"; };
		A1FBABC72AEEAF6F00FE3912 /* MusicAlbumCell.swift */ = {isa = PBXFileReference; lastKnownFileType = sourcecode.swift; path = MusicAlbumCell.swift; sourceTree = "<group>"; };
		A1FBABC92AEEB54700FE3912 /* MusicAlbum.swift */ = {isa = PBXFileReference; lastKnownFileType = sourcecode.swift; path = MusicAlbum.swift; sourceTree = "<group>"; };
		A1FBABCB2AEEB5F700FE3912 /* Images.swift */ = {isa = PBXFileReference; lastKnownFileType = sourcecode.swift; path = Images.swift; sourceTree = "<group>"; };
		A1FBABCD2AEECAB700FE3912 /* AddNewItemToListViewController.swift */ = {isa = PBXFileReference; lastKnownFileType = sourcecode.swift; path = AddNewItemToListViewController.swift; sourceTree = "<group>"; };
		A1FBABCF2AEF19FF00FE3912 /* ItemDetailsViewController.swift */ = {isa = PBXFileReference; lastKnownFileType = sourcecode.swift; path = ItemDetailsViewController.swift; sourceTree = "<group>"; };
/* End PBXFileReference section */

/* Begin PBXFrameworksBuildPhase section */
		A1FBABAB2AEEA84A00FE3912 /* Frameworks */ = {
			isa = PBXFrameworksBuildPhase;
			buildActionMask = 2147483647;
			files = (
			);
			runOnlyForDeploymentPostprocessing = 0;
		};
/* End PBXFrameworksBuildPhase section */

/* Begin PBXGroup section */
		A1FBABA52AEEA84A00FE3912 = {
			isa = PBXGroup;
			children = (
				A1FBABB02AEEA84A00FE3912 /* MusicInfoTableView */,
				A1FBABAF2AEEA84A00FE3912 /* Products */,
			);
			sourceTree = "<group>";
		};
		A1FBABAF2AEEA84A00FE3912 /* Products */ = {
			isa = PBXGroup;
			children = (
				A1FBABAE2AEEA84A00FE3912 /* MusicInfoTableView.app */,
			);
			name = Products;
			sourceTree = "<group>";
		};
		A1FBABB02AEEA84A00FE3912 /* MusicInfoTableView */ = {
			isa = PBXGroup;
			children = (
				A1FBABB12AEEA84A00FE3912 /* AppDelegate.swift */,
				A1FBABB32AEEA84A00FE3912 /* SceneDelegate.swift */,
				A1FBABD12AEF2D8600FE3912 /* Controllers */,
				A1FBABCB2AEEB5F700FE3912 /* Images.swift */,
				A1FBABC72AEEAF6F00FE3912 /* MusicAlbumCell.swift */,
				A1FBABC92AEEB54700FE3912 /* MusicAlbum.swift */,
				A1FBABC52AEEAC5C00FE3912 /* UIViewExt.swift */,
				A1FBABBA2AEEA84B00FE3912 /* Assets.xcassets */,
				A1FBABBC2AEEA84B00FE3912 /* LaunchScreen.storyboard */,
				A1FBABBF2AEEA84B00FE3912 /* Info.plist */,
			);
			path = MusicInfoTableView;
			sourceTree = "<group>";
		};
		A1FBABD12AEF2D8600FE3912 /* Controllers */ = {
			isa = PBXGroup;
			children = (
				A1FBABB52AEEA84A00FE3912 /* MainViewController.swift */,
				A1FBABCD2AEECAB700FE3912 /* AddNewItemToListViewController.swift */,
				A1FBABCF2AEF19FF00FE3912 /* ItemDetailsViewController.swift */,
			);
			path = Controllers;
			sourceTree = "<group>";
		};
/* End PBXGroup section */

/* Begin PBXNativeTarget section */
		A1FBABAD2AEEA84A00FE3912 /* MusicInfoTableView */ = {
			isa = PBXNativeTarget;
			buildConfigurationList = A1FBABC22AEEA84B00FE3912 /* Build configuration list for PBXNativeTarget "MusicInfoTableView" */;
			buildPhases = (
				A1FBABAA2AEEA84A00FE3912 /* Sources */,
				A1FBABAB2AEEA84A00FE3912 /* Frameworks */,
				A1FBABAC2AEEA84A00FE3912 /* Resources */,
			);
			buildRules = (
			);
			dependencies = (
			);
			name = MusicInfoTableView;
			productName = MusicInfoTableView;
			productReference = A1FBABAE2AEEA84A00FE3912 /* MusicInfoTableView.app */;
			productType = "com.apple.product-type.application";
		};
/* End PBXNativeTarget section */

/* Begin PBXProject section */
		A1FBABA62AEEA84A00FE3912 /* Project object */ = {
			isa = PBXProject;
			attributes = {
				BuildIndependentTargetsInParallel = 1;
				LastSwiftUpdateCheck = 1430;
				LastUpgradeCheck = 1430;
				TargetAttributes = {
					A1FBABAD2AEEA84A00FE3912 = {
						CreatedOnToolsVersion = 14.3.1;
					};
				};
			};
			buildConfigurationList = A1FBABA92AEEA84A00FE3912 /* Build configuration list for PBXProject "MusicInfoTableView" */;
			compatibilityVersion = "Xcode 14.0";
			developmentRegion = en;
			hasScannedForEncodings = 0;
			knownRegions = (
				en,
				Base,
			);
			mainGroup = A1FBABA52AEEA84A00FE3912;
			productRefGroup = A1FBABAF2AEEA84A00FE3912 /* Products */;
			projectDirPath = "";
			projectRoot = "";
			targets = (
				A1FBABAD2AEEA84A00FE3912 /* MusicInfoTableView */,
			);
		};
/* End PBXProject section */

/* Begin PBXResourcesBuildPhase section */
		A1FBABAC2AEEA84A00FE3912 /* Resources */ = {
			isa = PBXResourcesBuildPhase;
			buildActionMask = 2147483647;
			files = (
				A1FBABBE2AEEA84B00FE3912 /* LaunchScreen.storyboard in Resources */,
				A1FBABBB2AEEA84B00FE3912 /* Assets.xcassets in Resources */,
			);
			runOnlyForDeploymentPostprocessing = 0;
		};
/* End PBXResourcesBuildPhase section */

/* Begin PBXSourcesBuildPhase section */
		A1FBABAA2AEEA84A00FE3912 /* Sources */ = {
			isa = PBXSourcesBuildPhase;
			buildActionMask = 2147483647;
			files = (
				A1FBABCC2AEEB5F700FE3912 /* Images.swift in Sources */,
				A1FBABC62AEEAC5C00FE3912 /* UIViewExt.swift in Sources */,
				A1FBABD02AEF19FF00FE3912 /* ItemDetailsViewController.swift in Sources */,
				A1FBABCA2AEEB54700FE3912 /* MusicAlbum.swift in Sources */,
				A1FBABB62AEEA84A00FE3912 /* MainViewController.swift in Sources */,
				A1FBABB22AEEA84A00FE3912 /* AppDelegate.swift in Sources */,
				A1FBABC82AEEAF6F00FE3912 /* MusicAlbumCell.swift in Sources */,
				A1FBABB42AEEA84A00FE3912 /* SceneDelegate.swift in Sources */,
				A1FBABCE2AEECAB800FE3912 /* AddNewItemToListViewController.swift in Sources */,
			);
			runOnlyForDeploymentPostprocessing = 0;
		};
/* End PBXSourcesBuildPhase section */

/* Begin PBXVariantGroup section */
		A1FBABBC2AEEA84B00FE3912 /* LaunchScreen.storyboard */ = {
			isa = PBXVariantGroup;
			children = (
				A1FBABBD2AEEA84B00FE3912 /* Base */,
			);
			name = LaunchScreen.storyboard;
			sourceTree = "<group>";
		};
/* End PBXVariantGroup section */

/* Begin XCBuildConfiguration section */
		A1FBABC02AEEA84B00FE3912 /* Debug */ = {
			isa = XCBuildConfiguration;
			buildSettings = {
				ALWAYS_SEARCH_USER_PATHS = NO;
				CLANG_ANALYZER_NONNULL = YES;
				CLANG_ANALYZER_NUMBER_OBJECT_CONVERSION = YES_AGGRESSIVE;
				CLANG_CXX_LANGUAGE_STANDARD = "gnu++20";
				CLANG_ENABLE_MODULES = YES;
				CLANG_ENABLE_OBJC_ARC = YES;
				CLANG_ENABLE_OBJC_WEAK = YES;
				CLANG_WARN_BLOCK_CAPTURE_AUTORELEASING = YES;
				CLANG_WARN_BOOL_CONVERSION = YES;
				CLANG_WARN_COMMA = YES;
				CLANG_WARN_CONSTANT_CONVERSION = YES;
				CLANG_WARN_DEPRECATED_OBJC_IMPLEMENTATIONS = YES;
				CLANG_WARN_DIRECT_OBJC_ISA_USAGE = YES_ERROR;
				CLANG_WARN_DOCUMENTATION_COMMENTS = YES;
				CLANG_WARN_EMPTY_BODY = YES;
				CLANG_WARN_ENUM_CONVERSION = YES;
				CLANG_WARN_INFINITE_RECURSION = YES;
				CLANG_WARN_INT_CONVERSION = YES;
				CLANG_WARN_NON_LITERAL_NULL_CONVERSION = YES;
				CLANG_WARN_OBJC_IMPLICIT_RETAIN_SELF = YES;
				CLANG_WARN_OBJC_LITERAL_CONVERSION = YES;
				CLANG_WARN_OBJC_ROOT_CLASS = YES_ERROR;
				CLANG_WARN_QUOTED_INCLUDE_IN_FRAMEWORK_HEADER = YES;
				CLANG_WARN_RANGE_LOOP_ANALYSIS = YES;
				CLANG_WARN_STRICT_PROTOTYPES = YES;
				CLANG_WARN_SUSPICIOUS_MOVE = YES;
				CLANG_WARN_UNGUARDED_AVAILABILITY = YES_AGGRESSIVE;
				CLANG_WARN_UNREACHABLE_CODE = YES;
				CLANG_WARN__DUPLICATE_METHOD_MATCH = YES;
				COPY_PHASE_STRIP = NO;
				DEBUG_INFORMATION_FORMAT = dwarf;
				ENABLE_STRICT_OBJC_MSGSEND = YES;
				ENABLE_TESTABILITY = YES;
				GCC_C_LANGUAGE_STANDARD = gnu11;
				GCC_DYNAMIC_NO_PIC = NO;
				GCC_NO_COMMON_BLOCKS = YES;
				GCC_OPTIMIZATION_LEVEL = 0;
				GCC_PREPROCESSOR_DEFINITIONS = (
					"DEBUG=1",
					"$(inherited)",
				);
				GCC_WARN_64_TO_32_BIT_CONVERSION = YES;
				GCC_WARN_ABOUT_RETURN_TYPE = YES_ERROR;
				GCC_WARN_UNDECLARED_SELECTOR = YES;
				GCC_WARN_UNINITIALIZED_AUTOS = YES_AGGRESSIVE;
				GCC_WARN_UNUSED_FUNCTION = YES;
				GCC_WARN_UNUSED_VARIABLE = YES;
				IPHONEOS_DEPLOYMENT_TARGET = 16.4;
				MTL_ENABLE_DEBUG_INFO = INCLUDE_SOURCE;
				MTL_FAST_MATH = YES;
				ONLY_ACTIVE_ARCH = YES;
				SDKROOT = iphoneos;
				SWIFT_ACTIVE_COMPILATION_CONDITIONS = DEBUG;
				SWIFT_OPTIMIZATION_LEVEL = "-Onone";
			};
			name = Debug;
		};
		A1FBABC12AEEA84B00FE3912 /* Release */ = {
			isa = XCBuildConfiguration;
			buildSettings = {
				ALWAYS_SEARCH_USER_PATHS = NO;
				CLANG_ANALYZER_NONNULL = YES;
				CLANG_ANALYZER_NUMBER_OBJECT_CONVERSION = YES_AGGRESSIVE;
				CLANG_CXX_LANGUAGE_STANDARD = "gnu++20";
				CLANG_ENABLE_MODULES = YES;
				CLANG_ENABLE_OBJC_ARC = YES;
				CLANG_ENABLE_OBJC_WEAK = YES;
				CLANG_WARN_BLOCK_CAPTURE_AUTORELEASING = YES;
				CLANG_WARN_BOOL_CONVERSION = YES;
				CLANG_WARN_COMMA = YES;
				CLANG_WARN_CONSTANT_CONVERSION = YES;
				CLANG_WARN_DEPRECATED_OBJC_IMPLEMENTATIONS = YES;
				CLANG_WARN_DIRECT_OBJC_ISA_USAGE = YES_ERROR;
				CLANG_WARN_DOCUMENTATION_COMMENTS = YES;
				CLANG_WARN_EMPTY_BODY = YES;
				CLANG_WARN_ENUM_CONVERSION = YES;
				CLANG_WARN_INFINITE_RECURSION = YES;
				CLANG_WARN_INT_CONVERSION = YES;
				CLANG_WARN_NON_LITERAL_NULL_CONVERSION = YES;
				CLANG_WARN_OBJC_IMPLICIT_RETAIN_SELF = YES;
				CLANG_WARN_OBJC_LITERAL_CONVERSION = YES;
				CLANG_WARN_OBJC_ROOT_CLASS = YES_ERROR;
				CLANG_WARN_QUOTED_INCLUDE_IN_FRAMEWORK_HEADER = YES;
				CLANG_WARN_RANGE_LOOP_ANALYSIS = YES;
				CLANG_WARN_STRICT_PROTOTYPES = YES;
				CLANG_WARN_SUSPICIOUS_MOVE = YES;
				CLANG_WARN_UNGUARDED_AVAILABILITY = YES_AGGRESSIVE;
				CLANG_WARN_UNREACHABLE_CODE = YES;
				CLANG_WARN__DUPLICATE_METHOD_MATCH = YES;
				COPY_PHASE_STRIP = NO;
				DEBUG_INFORMATION_FORMAT = "dwarf-with-dsym";
				ENABLE_NS_ASSERTIONS = NO;
				ENABLE_STRICT_OBJC_MSGSEND = YES;
				GCC_C_LANGUAGE_STANDARD = gnu11;
				GCC_NO_COMMON_BLOCKS = YES;
				GCC_WARN_64_TO_32_BIT_CONVERSION = YES;
				GCC_WARN_ABOUT_RETURN_TYPE = YES_ERROR;
				GCC_WARN_UNDECLARED_SELECTOR = YES;
				GCC_WARN_UNINITIALIZED_AUTOS = YES_AGGRESSIVE;
				GCC_WARN_UNUSED_FUNCTION = YES;
				GCC_WARN_UNUSED_VARIABLE = YES;
				IPHONEOS_DEPLOYMENT_TARGET = 16.4;
				MTL_ENABLE_DEBUG_INFO = NO;
				MTL_FAST_MATH = YES;
				SDKROOT = iphoneos;
				SWIFT_COMPILATION_MODE = wholemodule;
				SWIFT_OPTIMIZATION_LEVEL = "-O";
				VALIDATE_PRODUCT = YES;
			};
			name = Release;
		};
		A1FBABC32AEEA84B00FE3912 /* Debug */ = {
			isa = XCBuildConfiguration;
			buildSettings = {
				ASSETCATALOG_COMPILER_APPICON_NAME = AppIcon;
				ASSETCATALOG_COMPILER_GLOBAL_ACCENT_COLOR_NAME = AccentColor;
				CODE_SIGN_STYLE = Automatic;
				CURRENT_PROJECT_VERSION = 1;
				GENERATE_INFOPLIST_FILE = YES;
				INFOPLIST_FILE = MusicInfoTableView/Info.plist;
				INFOPLIST_KEY_UIApplicationSupportsIndirectInputEvents = YES;
				INFOPLIST_KEY_UILaunchStoryboardName = LaunchScreen;
				INFOPLIST_KEY_UISupportedInterfaceOrientations_iPad = "UIInterfaceOrientationPortrait UIInterfaceOrientationPortraitUpsideDown UIInterfaceOrientationLandscapeLeft UIInterfaceOrientationLandscapeRight";
				INFOPLIST_KEY_UISupportedInterfaceOrientations_iPhone = "UIInterfaceOrientationPortrait UIInterfaceOrientationLandscapeLeft UIInterfaceOrientationLandscapeRight";
				LD_RUNPATH_SEARCH_PATHS = (
					"$(inherited)",
					"@executable_path/Frameworks",
				);
				MARKETING_VERSION = 1.0;
				PRODUCT_BUNDLE_IDENTIFIER = test.ge.MusicInfoTableView;
				PRODUCT_NAME = "$(TARGET_NAME)";
				SWIFT_EMIT_LOC_STRINGS = YES;
				SWIFT_VERSION = 5.0;
				TARGETED_DEVICE_FAMILY = "1,2";
			};
			name = Debug;
		};
		A1FBABC42AEEA84B00FE3912 /* Release */ = {
			isa = XCBuildConfiguration;
			buildSettings = {
				ASSETCATALOG_COMPILER_APPICON_NAME = AppIcon;
				ASSETCATALOG_COMPILER_GLOBAL_ACCENT_COLOR_NAME = AccentColor;
				CODE_SIGN_STYLE = Automatic;
				CURRENT_PROJECT_VERSION = 1;
				GENERATE_INFOPLIST_FILE = YES;
				INFOPLIST_FILE = MusicInfoTableView/Info.plist;
				INFOPLIST_KEY_UIApplicationSupportsIndirectInputEvents = YES;
				INFOPLIST_KEY_UILaunchStoryboardName = LaunchScreen;
				INFOPLIST_KEY_UISupportedInterfaceOrientations_iPad = "UIInterfaceOrientationPortrait UIInterfaceOrientationPortraitUpsideDown UIInterfaceOrientationLandscapeLeft UIInterfaceOrientationLandscapeRight";
				INFOPLIST_KEY_UISupportedInterfaceOrientations_iPhone = "UIInterfaceOrientationPortrait UIInterfaceOrientationLandscapeLeft UIInterfaceOrientationLandscapeRight";
				LD_RUNPATH_SEARCH_PATHS = (
					"$(inherited)",
					"@executable_path/Frameworks",
				);
				MARKETING_VERSION = 1.0;
				PRODUCT_BUNDLE_IDENTIFIER = test.ge.MusicInfoTableView;
				PRODUCT_NAME = "$(TARGET_NAME)";
				SWIFT_EMIT_LOC_STRINGS = YES;
				SWIFT_VERSION = 5.0;
				TARGETED_DEVICE_FAMILY = "1,2";
			};
			name = Release;
		};
/* End XCBuildConfiguration section */

/* Begin XCConfigurationList section */
		A1FBABA92AEEA84A00FE3912 /* Build configuration list for PBXProject "MusicInfoTableView" */ = {
			isa = XCConfigurationList;
			buildConfigurations = (
				A1FBABC02AEEA84B00FE3912 /* Debug */,
				A1FBABC12AEEA84B00FE3912 /* Release */,
			);
			defaultConfigurationIsVisible = 0;
			defaultConfigurationName = Release;
		};
		A1FBABC22AEEA84B00FE3912 /* Build configuration list for PBXNativeTarget "MusicInfoTableView" */ = {
			isa = XCConfigurationList;
			buildConfigurations = (
				A1FBABC32AEEA84B00FE3912 /* Debug */,
				A1FBABC42AEEA84B00FE3912 /* Release */,
			);
			defaultConfigurationIsVisible = 0;
			defaultConfigurationName = Release;
		};
/* End XCConfigurationList section */
	};
	rootObject = A1FBABA62AEEA84A00FE3912 /* Project object */;
}
